// !$*UTF8*$!
{
	archiveVersion = 1;
	classes = {
	};
	objectVersion = 50;
	objects = {

/* Begin PBXBuildFile section */
		D22E1DF122A757EE004C1EB4 /* AppDelegate.swift in Sources */ = {isa = PBXBuildFile; fileRef = D22E1DF022A757EE004C1EB4 /* AppDelegate.swift */; };
		D22E1DF322A757EE004C1EB4 /* art.scnassets in Resources */ = {isa = PBXBuildFile; fileRef = D22E1DF222A757EE004C1EB4 /* art.scnassets */; };
		D22E1DF522A757EE004C1EB4 /* ViewController.swift in Sources */ = {isa = PBXBuildFile; fileRef = D22E1DF422A757EE004C1EB4 /* ViewController.swift */; };
		D22E1DF822A757EE004C1EB4 /* Main.storyboard in Resources */ = {isa = PBXBuildFile; fileRef = D22E1DF622A757EE004C1EB4 /* Main.storyboard */; };
		D22E1DFA22A757F0004C1EB4 /* Assets.xcassets in Resources */ = {isa = PBXBuildFile; fileRef = D22E1DF922A757F0004C1EB4 /* Assets.xcassets */; };
		D22E1DFD22A757F0004C1EB4 /* LaunchScreen.storyboard in Resources */ = {isa = PBXBuildFile; fileRef = D22E1DFB22A757F0004C1EB4 /* LaunchScreen.storyboard */; };
		D289A94422A765D30077CE5B /* dinosaur.mp4 in Resources */ = {isa = PBXBuildFile; fileRef = D289A94322A765D30077CE5B /* dinosaur.mp4 */; };
/* End PBXBuildFile section */

/* Begin PBXFileReference section */
		D22E1DED22A757EE004C1EB4 /* ARMuseum.app */ = {isa = PBXFileReference; explicitFileType = wrapper.application; includeInIndex = 0; path = ARMuseum.app; sourceTree = BUILT_PRODUCTS_DIR; };
		D22E1DF022A757EE004C1EB4 /* AppDelegate.swift */ = {isa = PBXFileReference; lastKnownFileType = sourcecode.swift; path = AppDelegate.swift; sourceTree = "<group>"; };
		D22E1DF222A757EE004C1EB4 /* art.scnassets */ = {isa = PBXFileReference; lastKnownFileType = wrapper.scnassets; path = art.scnassets; sourceTree = "<group>"; };
		D22E1DF422A757EE004C1EB4 /* ViewController.swift */ = {isa = PBXFileReference; lastKnownFileType = sourcecode.swift; path = ViewController.swift; sourceTree = "<group>"; };
		D22E1DF722A757EE004C1EB4 /* Base */ = {isa = PBXFileReference; lastKnownFileType = file.storyboard; name = Base; path = Base.lproj/Main.storyboard; sourceTree = "<group>"; };
		D22E1DF922A757F0004C1EB4 /* Assets.xcassets */ = {isa = PBXFileReference; lastKnownFileType = folder.assetcatalog; path = Assets.xcassets; sourceTree = "<group>"; };
		D22E1DFC22A757F0004C1EB4 /* Base */ = {isa = PBXFileReference; lastKnownFileType = file.storyboard; name = Base; path = Base.lproj/LaunchScreen.storyboard; sourceTree = "<group>"; };
		D22E1DFE22A757F0004C1EB4 /* Info.plist */ = {isa = PBXFileReference; lastKnownFileType = text.plist.xml; path = Info.plist; sourceTree = "<group>"; };
		D289A94322A765D30077CE5B /* dinosaur.mp4 */ = {isa = PBXFileReference; lastKnownFileType = file; name = dinosaur.mp4; path = "../../TriassicLoupe/TriassicLoupe - Final/TriassicLoupe/dinosaur.mp4"; sourceTree = "<group>"; };
/* End PBXFileReference section */

/* Begin PBXFrameworksBuildPhase section */
		D22E1DEA22A757EE004C1EB4 /* Frameworks */ = {
			isa = PBXFrameworksBuildPhase;
			buildActionMask = 2147483647;
			files = (
			);
			runOnlyForDeploymentPostprocessing = 0;
		};
/* End PBXFrameworksBuildPhase section */

/* Begin PBXGroup section */
		D22E1DE422A757EE004C1EB4 = {
			isa = PBXGroup;
			children = (
				D22E1DEF22A757EE004C1EB4 /* ARMuseum */,
				D22E1DEE22A757EE004C1EB4 /* Products */,
			);
			sourceTree = "<group>";
		};
		D22E1DEE22A757EE004C1EB4 /* Products */ = {
			isa = PBXGroup;
			children = (
				D22E1DED22A757EE004C1EB4 /* ARMuseum.app */,
			);
			name = Products;
			sourceTree = "<group>";
		};
		D22E1DEF22A757EE004C1EB4 /* ARMuseum */ = {
			isa = PBXGroup;
			children = (
				D289A94322A765D30077CE5B /* dinosaur.mp4 */,
				D22E1DF022A757EE004C1EB4 /* AppDelegate.swift */,
				D22E1DF222A757EE004C1EB4 /* art.scnassets */,
				D22E1DF422A757EE004C1EB4 /* ViewController.swift */,
				D22E1DF622A757EE004C1EB4 /* Main.storyboard */,
				D22E1DF922A757F0004C1EB4 /* Assets.xcassets */,
				D22E1DFB22A757F0004C1EB4 /* LaunchScreen.storyboard */,
				D22E1DFE22A757F0004C1EB4 /* Info.plist */,
			);
			path = ARMuseum;
			sourceTree = "<group>";
		};
/* End PBXGroup section */

/* Begin PBXNativeTarget section */
		D22E1DEC22A757EE004C1EB4 /* ARMuseum */ = {
			isa = PBXNativeTarget;
			buildConfigurationList = D22E1E0122A757F0004C1EB4 /* Build configuration list for PBXNativeTarget "ARMuseum" */;
			buildPhases = (
				D22E1DE922A757EE004C1EB4 /* Sources */,
				D22E1DEA22A757EE004C1EB4 /* Frameworks */,
				D22E1DEB22A757EE004C1EB4 /* Resources */,
			);
			buildRules = (
			);
			dependencies = (
			);
			name = ARMuseum;
			productName = ARMuseum;
			productReference = D22E1DED22A757EE004C1EB4 /* ARMuseum.app */;
			productType = "com.apple.product-type.application";
		};
/* End PBXNativeTarget section */

/* Begin PBXProject section */
		D22E1DE522A757EE004C1EB4 /* Project object */ = {
			isa = PBXProject;
			attributes = {
				LastSwiftUpdateCheck = 1020;
				LastUpgradeCheck = 1020;
				ORGANIZATIONNAME = "Nguyen Tien LONG";
				TargetAttributes = {
					D22E1DEC22A757EE004C1EB4 = {
						CreatedOnToolsVersion = 10.2;
					};
				};
			};
			buildConfigurationList = D22E1DE822A757EE004C1EB4 /* Build configuration list for PBXProject "ARMuseum" */;
			compatibilityVersion = "Xcode 9.3";
			developmentRegion = en;
			hasScannedForEncodings = 0;
			knownRegions = (
				en,
				Base,
			);
			mainGroup = D22E1DE422A757EE004C1EB4;
			productRefGroup = D22E1DEE22A757EE004C1EB4 /* Products */;
			projectDirPath = "";
			projectRoot = "";
			targets = (
				D22E1DEC22A757EE004C1EB4 /* ARMuseum */,
			);
		};
/* End PBXProject section */

/* Begin PBXResourcesBuildPhase section */
		D22E1DEB22A757EE004C1EB4 /* Resources */ = {
			isa = PBXResourcesBuildPhase;
			buildActionMask = 2147483647;
			files = (
				D22E1DF322A757EE004C1EB4 /* art.scnassets in Resources */,
				D22E1DFD22A757F0004C1EB4 /* LaunchScreen.storyboard in Resources */,
				D289A94422A765D30077CE5B /* dinosaur.mp4 in Resources */,
				D22E1DFA22A757F0004C1EB4 /* Assets.xcassets in Resources */,
				D22E1DF822A757EE004C1EB4 /* Main.storyboard in Resources */,
			);
			runOnlyForDeploymentPostprocessing = 0;
		};
/* End PBXResourcesBuildPhase section */

/* Begin PBXSourcesBuildPhase section */
		D22E1DE922A757EE004C1EB4 /* Sources */ = {
			isa = PBXSourcesBuildPhase;
			buildActionMask = 2147483647;
			files = (
				D22E1DF522A757EE004C1EB4 /* ViewController.swift in Sources */,
				D22E1DF122A757EE004C1EB4 /* AppDelegate.swift in Sources */,
			);
			runOnlyForDeploymentPostprocessing = 0;
		};
/* End PBXSourcesBuildPhase section */

/* Begin PBXVariantGroup section */
		D22E1DF622A757EE004C1EB4 /* Main.storyboard */ = {
			isa = PBXVariantGroup;
			children = (
				D22E1DF722A757EE004C1EB4 /* Base */,
			);
			name = Main.storyboard;
			sourceTree = "<group>";
		};
		D22E1DFB22A757F0004C1EB4 /* LaunchScreen.storyboard */ = {
			isa = PBXVariantGroup;
			children = (
				D22E1DFC22A757F0004C1EB4 /* Base */,
			);
			name = LaunchScreen.storyboard;
			sourceTree = "<group>";
		};
/* End PBXVariantGroup section */

/* Begin XCBuildConfiguration section */
		D22E1DFF22A757F0004C1EB4 /* Debug */ = {
			isa = XCBuildConfiguration;
			buildSettings = {
				ALWAYS_SEARCH_USER_PATHS = NO;
				CLANG_ANALYZER_NONNULL = YES;
				CLANG_ANALYZER_NUMBER_OBJECT_CONVERSION = YES_AGGRESSIVE;
				CLANG_CXX_LANGUAGE_STANDARD = "gnu++14";
				CLANG_CXX_LIBRARY = "libc++";
				CLANG_ENABLE_MODULES = YES;
				CLANG_ENABLE_OBJC_ARC = YES;
				CLANG_ENABLE_OBJC_WEAK = YES;
				CLANG_WARN_BLOCK_CAPTURE_AUTORELEASING = YES;
				CLANG_WARN_BOOL_CONVERSION = YES;
				CLANG_WARN_COMMA = YES;
				CLANG_WARN_CONSTANT_CONVERSION = YES;
				CLANG_WARN_DEPRECATED_OBJC_IMPLEMENTATIONS = YES;
				CLANG_WARN_DIRECT_OBJC_ISA_USAGE = YES_ERROR;
				CLANG_WARN_DOCUMENTATION_COMMENTS = YES;
				CLANG_WARN_EMPTY_BODY = YES;
				CLANG_WARN_ENUM_CONVERSION = YES;
				CLANG_WARN_INFINITE_RECURSION = YES;
				CLANG_WARN_INT_CONVERSION = YES;
				CLANG_WARN_NON_LITERAL_NULL_CONVERSION = YES;
				CLANG_WARN_OBJC_IMPLICIT_RETAIN_SELF = YES;
				CLANG_WARN_OBJC_LITERAL_CONVERSION = YES;
				CLANG_WARN_OBJC_ROOT_CLASS = YES_ERROR;
				CLANG_WARN_RANGE_LOOP_ANALYSIS = YES;
				CLANG_WARN_STRICT_PROTOTYPES = YES;
				CLANG_WARN_SUSPICIOUS_MOVE = YES;
				CLANG_WARN_UNGUARDED_AVAILABILITY = YES_AGGRESSIVE;
				CLANG_WARN_UNREACHABLE_CODE = YES;
				CLANG_WARN__DUPLICATE_METHOD_MATCH = YES;
				CODE_SIGN_IDENTITY = "iPhone Developer";
				COPY_PHASE_STRIP = NO;
				DEBUG_INFORMATION_FORMAT = dwarf;
				ENABLE_STRICT_OBJC_MSGSEND = YES;
				ENABLE_TESTABILITY = YES;
				GCC_C_LANGUAGE_STANDARD = gnu11;
				GCC_DYNAMIC_NO_PIC = NO;
				GCC_NO_COMMON_BLOCKS = YES;
				GCC_OPTIMIZATION_LEVEL = 0;
				GCC_PREPROCESSOR_DEFINITIONS = (
					"DEBUG=1",
					"$(inherited)",
				);
				GCC_WARN_64_TO_32_BIT_CONVERSION = YES;
				GCC_WARN_ABOUT_RETURN_TYPE = YES_ERROR;
				GCC_WARN_UNDECLARED_SELECTOR = YES;
				GCC_WARN_UNINITIALIZED_AUTOS = YES_AGGRESSIVE;
				GCC_WARN_UNUSED_FUNCTION = YES;
				GCC_WARN_UNUSED_VARIABLE = YES;
				IPHONEOS_DEPLOYMENT_TARGET = 12.2;
				MTL_ENABLE_DEBUG_INFO = INCLUDE_SOURCE;
				MTL_FAST_MATH = YES;
				ONLY_ACTIVE_ARCH = YES;
				SDKROOT = iphoneos;
				SWIFT_ACTIVE_COMPILATION_CONDITIONS = DEBUG;
				SWIFT_OPTIMIZATION_LEVEL = "-Onone";
			};
			name = Debug;
		};
		D22E1E0022A757F0004C1EB4 /* Release */ = {
			isa = XCBuildConfiguration;
			buildSettings = {
				ALWAYS_SEARCH_USER_PATHS = NO;
				CLANG_ANALYZER_NONNULL = YES;
				CLANG_ANALYZER_NUMBER_OBJECT_CONVERSION = YES_AGGRESSIVE;
				CLANG_CXX_LANGUAGE_STANDARD = "gnu++14";
				CLANG_CXX_LIBRARY = "libc++";
				CLANG_ENABLE_MODULES = YES;
				CLANG_ENABLE_OBJC_ARC = YES;
				CLANG_ENABLE_OBJC_WEAK = YES;
				CLANG_WARN_BLOCK_CAPTURE_AUTORELEASING = YES;
				CLANG_WARN_BOOL_CONVERSION = YES;
				CLANG_WARN_COMMA = YES;
				CLANG_WARN_CONSTANT_CONVERSION = YES;
				CLANG_WARN_DEPRECATED_OBJC_IMPLEMENTATIONS = YES;
				CLANG_WARN_DIRECT_OBJC_ISA_USAGE = YES_ERROR;
				CLANG_WARN_DOCUMENTATION_COMMENTS = YES;
				CLANG_WARN_EMPTY_BODY = YES;
				CLANG_WARN_ENUM_CONVERSION = YES;
				CLANG_WARN_INFINITE_RECURSION = YES;
				CLANG_WARN_INT_CONVERSION = YES;
				CLANG_WARN_NON_LITERAL_NULL_CONVERSION = YES;
				CLANG_WARN_OBJC_IMPLICIT_RETAIN_SELF = YES;
				CLANG_WARN_OBJC_LITERAL_CONVERSION = YES;
				CLANG_WARN_OBJC_ROOT_CLASS = YES_ERROR;
				CLANG_WARN_RANGE_LOOP_ANALYSIS = YES;
				CLANG_WARN_STRICT_PROTOTYPES = YES;
				CLANG_WARN_SUSPICIOUS_MOVE = YES;
				CLANG_WARN_UNGUARDED_AVAILABILITY = YES_AGGRESSIVE;
				CLANG_WARN_UNREACHABLE_CODE = YES;
				CLANG_WARN__DUPLICATE_METHOD_MATCH = YES;
				CODE_SIGN_IDENTITY = "iPhone Developer";
				COPY_PHASE_STRIP = NO;
				DEBUG_INFORMATION_FORMAT = "dwarf-with-dsym";
				ENABLE_NS_ASSERTIONS = NO;
				ENABLE_STRICT_OBJC_MSGSEND = YES;
				GCC_C_LANGUAGE_STANDARD = gnu11;
				GCC_NO_COMMON_BLOCKS = YES;
				GCC_WARN_64_TO_32_BIT_CONVERSION = YES;
				GCC_WARN_ABOUT_RETURN_TYPE = YES_ERROR;
				GCC_WARN_UNDECLARED_SELECTOR = YES;
				GCC_WARN_UNINITIALIZED_AUTOS = YES_AGGRESSIVE;
				GCC_WARN_UNUSED_FUNCTION = YES;
				GCC_WARN_UNUSED_VARIABLE = YES;
				IPHONEOS_DEPLOYMENT_TARGET = 12.2;
				MTL_ENABLE_DEBUG_INFO = NO;
				MTL_FAST_MATH = YES;
				SDKROOT = iphoneos;
				SWIFT_COMPILATION_MODE = wholemodule;
				SWIFT_OPTIMIZATION_LEVEL = "-O";
				VALIDATE_PRODUCT = YES;
			};
			name = Release;
		};
		D22E1E0222A757F0004C1EB4 /* Debug */ = {
			isa = XCBuildConfiguration;
			buildSettings = {
				ASSETCATALOG_COMPILER_APPICON_NAME = AppIcon;
				CODE_SIGN_STYLE = Automatic;
				DEVELOPMENT_TEAM = U7J257E57V;
				INFOPLIST_FILE = ARMuseum/Info.plist;
				LD_RUNPATH_SEARCH_PATHS = (
					"$(inherited)",
					"@executable_path/Frameworks",
				);
				PRODUCT_BUNDLE_IDENTIFIER = co.au.ARMuseum;
				PRODUCT_NAME = "$(TARGET_NAME)";
				SWIFT_VERSION = 5.0;
				TARGETED_DEVICE_FAMILY = "1,2";
			};
			name = Debug;
		};
		D22E1E0322A757F0004C1EB4 /* Release */ = {
			isa = XCBuildConfiguration;
			buildSettings = {
				ASSETCATALOG_COMPILER_APPICON_NAME = AppIcon;
				CODE_SIGN_STYLE = Automatic;
				DEVELOPMENT_TEAM = U7J257E57V;
				INFOPLIST_FILE = ARMuseum/Info.plist;
				LD_RUNPATH_SEARCH_PATHS = (
					"$(inherited)",
					"@executable_path/Frameworks",
				);
				PRODUCT_BUNDLE_IDENTIFIER = co.au.ARMuseum;
				PRODUCT_NAME = "$(TARGET_NAME)";
				SWIFT_VERSION = 5.0;
				TARGETED_DEVICE_FAMILY = "1,2";
			};
			name = Release;
		};
/* End XCBuildConfiguration section */

/* Begin XCConfigurationList section */
		D22E1DE822A757EE004C1EB4 /* Build configuration list for PBXProject "ARMuseum" */ = {
			isa = XCConfigurationList;
			buildConfigurations = (
				D22E1DFF22A757F0004C1EB4 /* Debug */,
				D22E1E0022A757F0004C1EB4 /* Release */,
			);
			defaultConfigurationIsVisible = 0;
			defaultConfigurationName = Release;
		};
		D22E1E0122A757F0004C1EB4 /* Build configuration list for PBXNativeTarget "ARMuseum" */ = {
			isa = XCConfigurationList;
			buildConfigurations = (
				D22E1E0222A757F0004C1EB4 /* Debug */,
				D22E1E0322A757F0004C1EB4 /* Release */,
			);
			defaultConfigurationIsVisible = 0;
			defaultConfigurationName = Release;
		};
/* End XCConfigurationList section */
	};
	rootObject = D22E1DE522A757EE004C1EB4 /* Project object */;
}
